
Microsoft Visual Studio Solution File, Format Version 12.00
# Visual Studio 2012
Project("{8BC9CEB8-8B4A-11D0-8D11-00A0C91BC942}") = "P86", "P86\P86.vcxproj", "{0841878A-D17B-4E83-80B6-E0D8F4D3ACB7}"
EndProject
Global
	GlobalSection(SolutionConfigurationPlatforms) = preSolution
		Debug|Win32 = Debug|Win32
		Release|Win32 = Release|Win32
	EndGlobalSection
	GlobalSection(ProjectConfigurationPlatforms) = postSolution
		{0841878A-D17B-4E83-80B6-E0D8F4D3ACB7}.Debug|Win32.ActiveCfg = Debug|Win32
		{0841878A-D17B-4E83-80B6-E0D8F4D3ACB7}.Debug|Win32.Build.0 = Debug|Win32
		{0841878A-D17B-4E83-80B6-E0D8F4D3ACB7}.Release|Win32.ActiveCfg = Release|Win32
		{0841878A-D17B-4E83-80B6-E0D8F4D3ACB7}.Release|Win32.Build.0 = Release|Win32
	EndGlobalSection
	GlobalSection(SolutionProperties) = preSolution
		HideSolutionNode = FALSE
	EndGlobalSection
EndGlobal
