
Microsoft Visual Studio Solution File, Format Version 12.00
# Visual Studio 2012
Project("{8BC9CEB8-8B4A-11D0-8D11-00A0C91BC942}") = "P133", "P133\P133.vcxproj", "{92D51764-006C-4E7B-826B-E51A03F50EB9}"
EndProject
Global
	GlobalSection(SolutionConfigurationPlatforms) = preSolution
		Debug|Win32 = Debug|Win32
		Release|Win32 = Release|Win32
	EndGlobalSection
	GlobalSection(ProjectConfigurationPlatforms) = postSolution
		{92D51764-006C-4E7B-826B-E51A03F50EB9}.Debug|Win32.ActiveCfg = Debug|Win32
		{92D51764-006C-4E7B-826B-E51A03F50EB9}.Debug|Win32.Build.0 = Debug|Win32
		{92D51764-006C-4E7B-826B-E51A03F50EB9}.Release|Win32.ActiveCfg = Release|Win32
		{92D51764-006C-4E7B-826B-E51A03F50EB9}.Release|Win32.Build.0 = Release|Win32
	EndGlobalSection
	GlobalSection(SolutionProperties) = preSolution
		HideSolutionNode = FALSE
	EndGlobalSection
EndGlobal
