
Microsoft Visual Studio Solution File, Format Version 12.00
# Visual Studio 2012
Project("{8BC9CEB8-8B4A-11D0-8D11-00A0C91BC942}") = "P97", "P97\P97.vcxproj", "{94CC5FF5-2E52-40C5-8846-EC58F0FF9B6E}"
EndProject
Global
	GlobalSection(SolutionConfigurationPlatforms) = preSolution
		Debug|Win32 = Debug|Win32
		Release|Win32 = Release|Win32
	EndGlobalSection
	GlobalSection(ProjectConfigurationPlatforms) = postSolution
		{94CC5FF5-2E52-40C5-8846-EC58F0FF9B6E}.Debug|Win32.ActiveCfg = Debug|Win32
		{94CC5FF5-2E52-40C5-8846-EC58F0FF9B6E}.Debug|Win32.Build.0 = Debug|Win32
		{94CC5FF5-2E52-40C5-8846-EC58F0FF9B6E}.Release|Win32.ActiveCfg = Release|Win32
		{94CC5FF5-2E52-40C5-8846-EC58F0FF9B6E}.Release|Win32.Build.0 = Release|Win32
	EndGlobalSection
	GlobalSection(SolutionProperties) = preSolution
		HideSolutionNode = FALSE
	EndGlobalSection
EndGlobal
