
Microsoft Visual Studio Solution File, Format Version 12.00
# Visual Studio 2012
Project("{8BC9CEB8-8B4A-11D0-8D11-00A0C91BC942}") = "P53", "P53\P53.vcxproj", "{82059AA4-EE45-4BA1-BE8A-9FD26ADF1813}"
EndProject
Global
	GlobalSection(SolutionConfigurationPlatforms) = preSolution
		Debug|Win32 = Debug|Win32
		Release|Win32 = Release|Win32
	EndGlobalSection
	GlobalSection(ProjectConfigurationPlatforms) = postSolution
		{82059AA4-EE45-4BA1-BE8A-9FD26ADF1813}.Debug|Win32.ActiveCfg = Debug|Win32
		{82059AA4-EE45-4BA1-BE8A-9FD26ADF1813}.Debug|Win32.Build.0 = Debug|Win32
		{82059AA4-EE45-4BA1-BE8A-9FD26ADF1813}.Release|Win32.ActiveCfg = Release|Win32
		{82059AA4-EE45-4BA1-BE8A-9FD26ADF1813}.Release|Win32.Build.0 = Release|Win32
	EndGlobalSection
	GlobalSection(SolutionProperties) = preSolution
		HideSolutionNode = FALSE
	EndGlobalSection
EndGlobal
