
Microsoft Visual Studio Solution File, Format Version 12.00
# Visual Studio 2012
Project("{8BC9CEB8-8B4A-11D0-8D11-00A0C91BC942}") = "P18", "P18\P18.vcxproj", "{9D40CE44-4087-4987-8935-84CBB5DBCD40}"
EndProject
Global
	GlobalSection(SolutionConfigurationPlatforms) = preSolution
		Debug|Win32 = Debug|Win32
		Release|Win32 = Release|Win32
	EndGlobalSection
	GlobalSection(ProjectConfigurationPlatforms) = postSolution
		{9D40CE44-4087-4987-8935-84CBB5DBCD40}.Debug|Win32.ActiveCfg = Debug|Win32
		{9D40CE44-4087-4987-8935-84CBB5DBCD40}.Debug|Win32.Build.0 = Debug|Win32
		{9D40CE44-4087-4987-8935-84CBB5DBCD40}.Release|Win32.ActiveCfg = Release|Win32
		{9D40CE44-4087-4987-8935-84CBB5DBCD40}.Release|Win32.Build.0 = Release|Win32
	EndGlobalSection
	GlobalSection(SolutionProperties) = preSolution
		HideSolutionNode = FALSE
	EndGlobalSection
EndGlobal
