
Microsoft Visual Studio Solution File, Format Version 12.00
# Visual Studio 2012
Project("{8BC9CEB8-8B4A-11D0-8D11-00A0C91BC942}") = "P645", "P645\P645.vcxproj", "{BC5F0C1C-0167-4A8A-A9B0-61160B695F83}"
EndProject
Global
	GlobalSection(SolutionConfigurationPlatforms) = preSolution
		Debug|Win32 = Debug|Win32
		Release|Win32 = Release|Win32
	EndGlobalSection
	GlobalSection(ProjectConfigurationPlatforms) = postSolution
		{BC5F0C1C-0167-4A8A-A9B0-61160B695F83}.Debug|Win32.ActiveCfg = Debug|Win32
		{BC5F0C1C-0167-4A8A-A9B0-61160B695F83}.Debug|Win32.Build.0 = Debug|Win32
		{BC5F0C1C-0167-4A8A-A9B0-61160B695F83}.Release|Win32.ActiveCfg = Release|Win32
		{BC5F0C1C-0167-4A8A-A9B0-61160B695F83}.Release|Win32.Build.0 = Release|Win32
	EndGlobalSection
	GlobalSection(SolutionProperties) = preSolution
		HideSolutionNode = FALSE
	EndGlobalSection
EndGlobal
