
Microsoft Visual Studio Solution File, Format Version 12.00
# Visual Studio 2012
Project("{8BC9CEB8-8B4A-11D0-8D11-00A0C91BC942}") = "P207", "P207\P207.vcxproj", "{97BFEF5F-BFA3-4F46-B13C-5AE39456D26D}"
EndProject
Global
	GlobalSection(SolutionConfigurationPlatforms) = preSolution
		Debug|Win32 = Debug|Win32
		Release|Win32 = Release|Win32
	EndGlobalSection
	GlobalSection(ProjectConfigurationPlatforms) = postSolution
		{97BFEF5F-BFA3-4F46-B13C-5AE39456D26D}.Debug|Win32.ActiveCfg = Debug|Win32
		{97BFEF5F-BFA3-4F46-B13C-5AE39456D26D}.Debug|Win32.Build.0 = Debug|Win32
		{97BFEF5F-BFA3-4F46-B13C-5AE39456D26D}.Release|Win32.ActiveCfg = Release|Win32
		{97BFEF5F-BFA3-4F46-B13C-5AE39456D26D}.Release|Win32.Build.0 = Release|Win32
	EndGlobalSection
	GlobalSection(SolutionProperties) = preSolution
		HideSolutionNode = FALSE
	EndGlobalSection
EndGlobal
