
Microsoft Visual Studio Solution File, Format Version 12.00
# Visual Studio 2012
Project("{8BC9CEB8-8B4A-11D0-8D11-00A0C91BC942}") = "P204", "P204\P204.vcxproj", "{3BAFE4CB-7242-4301-99F4-54D71C42D6F7}"
EndProject
Global
	GlobalSection(SolutionConfigurationPlatforms) = preSolution
		Debug|Win32 = Debug|Win32
		Release|Win32 = Release|Win32
	EndGlobalSection
	GlobalSection(ProjectConfigurationPlatforms) = postSolution
		{3BAFE4CB-7242-4301-99F4-54D71C42D6F7}.Debug|Win32.ActiveCfg = Debug|Win32
		{3BAFE4CB-7242-4301-99F4-54D71C42D6F7}.Debug|Win32.Build.0 = Debug|Win32
		{3BAFE4CB-7242-4301-99F4-54D71C42D6F7}.Release|Win32.ActiveCfg = Release|Win32
		{3BAFE4CB-7242-4301-99F4-54D71C42D6F7}.Release|Win32.Build.0 = Release|Win32
	EndGlobalSection
	GlobalSection(SolutionProperties) = preSolution
		HideSolutionNode = FALSE
	EndGlobalSection
EndGlobal
