
Microsoft Visual Studio Solution File, Format Version 12.00
# Visual Studio 2012
Project("{8BC9CEB8-8B4A-11D0-8D11-00A0C91BC942}") = "P209", "P209\P209.vcxproj", "{18635D31-615B-4437-BFBB-30C8912ED111}"
EndProject
Global
	GlobalSection(SolutionConfigurationPlatforms) = preSolution
		Debug|Win32 = Debug|Win32
		Release|Win32 = Release|Win32
	EndGlobalSection
	GlobalSection(ProjectConfigurationPlatforms) = postSolution
		{18635D31-615B-4437-BFBB-30C8912ED111}.Debug|Win32.ActiveCfg = Debug|Win32
		{18635D31-615B-4437-BFBB-30C8912ED111}.Debug|Win32.Build.0 = Debug|Win32
		{18635D31-615B-4437-BFBB-30C8912ED111}.Release|Win32.ActiveCfg = Release|Win32
		{18635D31-615B-4437-BFBB-30C8912ED111}.Release|Win32.Build.0 = Release|Win32
	EndGlobalSection
	GlobalSection(SolutionProperties) = preSolution
		HideSolutionNode = FALSE
	EndGlobalSection
EndGlobal
