
Microsoft Visual Studio Solution File, Format Version 12.00
# Visual Studio 2012
Project("{8BC9CEB8-8B4A-11D0-8D11-00A0C91BC942}") = "P343", "P343\P343.vcxproj", "{04E835E1-A674-471F-8036-0B312E474F2B}"
EndProject
Global
	GlobalSection(SolutionConfigurationPlatforms) = preSolution
		Debug|Win32 = Debug|Win32
		Release|Win32 = Release|Win32
	EndGlobalSection
	GlobalSection(ProjectConfigurationPlatforms) = postSolution
		{04E835E1-A674-471F-8036-0B312E474F2B}.Debug|Win32.ActiveCfg = Debug|Win32
		{04E835E1-A674-471F-8036-0B312E474F2B}.Debug|Win32.Build.0 = Debug|Win32
		{04E835E1-A674-471F-8036-0B312E474F2B}.Release|Win32.ActiveCfg = Release|Win32
		{04E835E1-A674-471F-8036-0B312E474F2B}.Release|Win32.Build.0 = Release|Win32
	EndGlobalSection
	GlobalSection(SolutionProperties) = preSolution
		HideSolutionNode = FALSE
	EndGlobalSection
EndGlobal
