
Microsoft Visual Studio Solution File, Format Version 12.00
# Visual Studio 2012
Project("{8BC9CEB8-8B4A-11D0-8D11-00A0C91BC942}") = "P401", "P401\P401.vcxproj", "{515E9D6E-38AB-4282-8300-6B68C3609827}"
EndProject
Global
	GlobalSection(SolutionConfigurationPlatforms) = preSolution
		Debug|Win32 = Debug|Win32
		Release|Win32 = Release|Win32
	EndGlobalSection
	GlobalSection(ProjectConfigurationPlatforms) = postSolution
		{515E9D6E-38AB-4282-8300-6B68C3609827}.Debug|Win32.ActiveCfg = Debug|Win32
		{515E9D6E-38AB-4282-8300-6B68C3609827}.Debug|Win32.Build.0 = Debug|Win32
		{515E9D6E-38AB-4282-8300-6B68C3609827}.Release|Win32.ActiveCfg = Release|Win32
		{515E9D6E-38AB-4282-8300-6B68C3609827}.Release|Win32.Build.0 = Release|Win32
	EndGlobalSection
	GlobalSection(SolutionProperties) = preSolution
		HideSolutionNode = FALSE
	EndGlobalSection
EndGlobal
