
Microsoft Visual Studio Solution File, Format Version 12.00
# Visual Studio 2012
Project("{8BC9CEB8-8B4A-11D0-8D11-00A0C91BC942}") = "P112", "P112\P112.vcxproj", "{CAAAACD1-82FE-4FD2-99DB-6BFAD24C5FBA}"
EndProject
Global
	GlobalSection(SolutionConfigurationPlatforms) = preSolution
		Debug|Win32 = Debug|Win32
		Release|Win32 = Release|Win32
	EndGlobalSection
	GlobalSection(ProjectConfigurationPlatforms) = postSolution
		{CAAAACD1-82FE-4FD2-99DB-6BFAD24C5FBA}.Debug|Win32.ActiveCfg = Debug|Win32
		{CAAAACD1-82FE-4FD2-99DB-6BFAD24C5FBA}.Debug|Win32.Build.0 = Debug|Win32
		{CAAAACD1-82FE-4FD2-99DB-6BFAD24C5FBA}.Release|Win32.ActiveCfg = Release|Win32
		{CAAAACD1-82FE-4FD2-99DB-6BFAD24C5FBA}.Release|Win32.Build.0 = Release|Win32
	EndGlobalSection
	GlobalSection(SolutionProperties) = preSolution
		HideSolutionNode = FALSE
	EndGlobalSection
EndGlobal
