
Microsoft Visual Studio Solution File, Format Version 12.00
# Visual Studio 2012
Project("{8BC9CEB8-8B4A-11D0-8D11-00A0C91BC942}") = "P23", "P23\P23.vcxproj", "{7AD73C1C-A784-40D8-A27E-1E81D4C6F93E}"
EndProject
Project("{8BC9CEB8-8B4A-11D0-8D11-00A0C91BC942}") = "P21", "..\P21\P21\P21.vcxproj", "{982A646F-C16D-44A1-8B0D-1C952D19E13F}"
EndProject
Global
	GlobalSection(SolutionConfigurationPlatforms) = preSolution
		Debug|Win32 = Debug|Win32
		Release|Win32 = Release|Win32
	EndGlobalSection
	GlobalSection(ProjectConfigurationPlatforms) = postSolution
		{7AD73C1C-A784-40D8-A27E-1E81D4C6F93E}.Debug|Win32.ActiveCfg = Debug|Win32
		{7AD73C1C-A784-40D8-A27E-1E81D4C6F93E}.Debug|Win32.Build.0 = Debug|Win32
		{7AD73C1C-A784-40D8-A27E-1E81D4C6F93E}.Release|Win32.ActiveCfg = Release|Win32
		{7AD73C1C-A784-40D8-A27E-1E81D4C6F93E}.Release|Win32.Build.0 = Release|Win32
		{982A646F-C16D-44A1-8B0D-1C952D19E13F}.Debug|Win32.ActiveCfg = Debug|Win32
		{982A646F-C16D-44A1-8B0D-1C952D19E13F}.Debug|Win32.Build.0 = Debug|Win32
		{982A646F-C16D-44A1-8B0D-1C952D19E13F}.Release|Win32.ActiveCfg = Release|Win32
		{982A646F-C16D-44A1-8B0D-1C952D19E13F}.Release|Win32.Build.0 = Release|Win32
	EndGlobalSection
	GlobalSection(SolutionProperties) = preSolution
		HideSolutionNode = FALSE
	EndGlobalSection
EndGlobal
