
Microsoft Visual Studio Solution File, Format Version 12.00
# Visual Studio 2012
Project("{8BC9CEB8-8B4A-11D0-8D11-00A0C91BC942}") = "P44", "P44\P44.vcxproj", "{7D22C638-E218-4BFB-80E2-08DE14319DB2}"
EndProject
Global
	GlobalSection(SolutionConfigurationPlatforms) = preSolution
		Debug|Win32 = Debug|Win32
		Release|Win32 = Release|Win32
	EndGlobalSection
	GlobalSection(ProjectConfigurationPlatforms) = postSolution
		{7D22C638-E218-4BFB-80E2-08DE14319DB2}.Debug|Win32.ActiveCfg = Debug|Win32
		{7D22C638-E218-4BFB-80E2-08DE14319DB2}.Debug|Win32.Build.0 = Debug|Win32
		{7D22C638-E218-4BFB-80E2-08DE14319DB2}.Release|Win32.ActiveCfg = Release|Win32
		{7D22C638-E218-4BFB-80E2-08DE14319DB2}.Release|Win32.Build.0 = Release|Win32
	EndGlobalSection
	GlobalSection(SolutionProperties) = preSolution
		HideSolutionNode = FALSE
	EndGlobalSection
EndGlobal
