
Microsoft Visual Studio Solution File, Format Version 12.00
# Visual Studio 2012
Project("{8BC9CEB8-8B4A-11D0-8D11-00A0C91BC942}") = "P126", "P126\P126.vcxproj", "{44BE7970-C56A-4AC0-88B7-396C4F98D5BD}"
EndProject
Global
	GlobalSection(SolutionConfigurationPlatforms) = preSolution
		Debug|Win32 = Debug|Win32
		Release|Win32 = Release|Win32
	EndGlobalSection
	GlobalSection(ProjectConfigurationPlatforms) = postSolution
		{44BE7970-C56A-4AC0-88B7-396C4F98D5BD}.Debug|Win32.ActiveCfg = Debug|Win32
		{44BE7970-C56A-4AC0-88B7-396C4F98D5BD}.Debug|Win32.Build.0 = Debug|Win32
		{44BE7970-C56A-4AC0-88B7-396C4F98D5BD}.Release|Win32.ActiveCfg = Release|Win32
		{44BE7970-C56A-4AC0-88B7-396C4F98D5BD}.Release|Win32.Build.0 = Release|Win32
	EndGlobalSection
	GlobalSection(SolutionProperties) = preSolution
		HideSolutionNode = FALSE
	EndGlobalSection
EndGlobal
