
Microsoft Visual Studio Solution File, Format Version 12.00
# Visual Studio 2012
Project("{8BC9CEB8-8B4A-11D0-8D11-00A0C91BC942}") = "P52", "P52\P52.vcxproj", "{901F43FD-87A1-4757-A415-8FB455EE6139}"
EndProject
Global
	GlobalSection(SolutionConfigurationPlatforms) = preSolution
		Debug|Win32 = Debug|Win32
		Release|Win32 = Release|Win32
	EndGlobalSection
	GlobalSection(ProjectConfigurationPlatforms) = postSolution
		{901F43FD-87A1-4757-A415-8FB455EE6139}.Debug|Win32.ActiveCfg = Debug|Win32
		{901F43FD-87A1-4757-A415-8FB455EE6139}.Debug|Win32.Build.0 = Debug|Win32
		{901F43FD-87A1-4757-A415-8FB455EE6139}.Release|Win32.ActiveCfg = Release|Win32
		{901F43FD-87A1-4757-A415-8FB455EE6139}.Release|Win32.Build.0 = Release|Win32
	EndGlobalSection
	GlobalSection(SolutionProperties) = preSolution
		HideSolutionNode = FALSE
	EndGlobalSection
EndGlobal
