
Microsoft Visual Studio Solution File, Format Version 12.00
# Visual Studio 2012
Project("{8BC9CEB8-8B4A-11D0-8D11-00A0C91BC942}") = "P42", "P42\P42.vcxproj", "{04644AE2-D09E-4A67-A9AC-21C19C633436}"
EndProject
Global
	GlobalSection(SolutionConfigurationPlatforms) = preSolution
		Debug|Win32 = Debug|Win32
		Release|Win32 = Release|Win32
	EndGlobalSection
	GlobalSection(ProjectConfigurationPlatforms) = postSolution
		{04644AE2-D09E-4A67-A9AC-21C19C633436}.Debug|Win32.ActiveCfg = Debug|Win32
		{04644AE2-D09E-4A67-A9AC-21C19C633436}.Debug|Win32.Build.0 = Debug|Win32
		{04644AE2-D09E-4A67-A9AC-21C19C633436}.Release|Win32.ActiveCfg = Release|Win32
		{04644AE2-D09E-4A67-A9AC-21C19C633436}.Release|Win32.Build.0 = Release|Win32
	EndGlobalSection
	GlobalSection(SolutionProperties) = preSolution
		HideSolutionNode = FALSE
	EndGlobalSection
EndGlobal
