
Microsoft Visual Studio Solution File, Format Version 12.00
# Visual Studio 2012
Project("{8BC9CEB8-8B4A-11D0-8D11-00A0C91BC942}") = "P417", "P417\P417.vcxproj", "{9C5B7511-F957-4F16-9E03-D35C6E5CF0FA}"
EndProject
Global
	GlobalSection(SolutionConfigurationPlatforms) = preSolution
		Debug|Win32 = Debug|Win32
		Release|Win32 = Release|Win32
	EndGlobalSection
	GlobalSection(ProjectConfigurationPlatforms) = postSolution
		{9C5B7511-F957-4F16-9E03-D35C6E5CF0FA}.Debug|Win32.ActiveCfg = Debug|Win32
		{9C5B7511-F957-4F16-9E03-D35C6E5CF0FA}.Debug|Win32.Build.0 = Debug|Win32
		{9C5B7511-F957-4F16-9E03-D35C6E5CF0FA}.Release|Win32.ActiveCfg = Release|Win32
		{9C5B7511-F957-4F16-9E03-D35C6E5CF0FA}.Release|Win32.Build.0 = Release|Win32
	EndGlobalSection
	GlobalSection(SolutionProperties) = preSolution
		HideSolutionNode = FALSE
	EndGlobalSection
EndGlobal
