
Microsoft Visual Studio Solution File, Format Version 12.00
# Visual Studio 2012
Project("{8BC9CEB8-8B4A-11D0-8D11-00A0C91BC942}") = "P134", "P134\P134.vcxproj", "{6D821A85-B60A-45EC-BCEC-5BB729DD1063}"
EndProject
Global
	GlobalSection(SolutionConfigurationPlatforms) = preSolution
		Debug|Win32 = Debug|Win32
		Release|Win32 = Release|Win32
	EndGlobalSection
	GlobalSection(ProjectConfigurationPlatforms) = postSolution
		{6D821A85-B60A-45EC-BCEC-5BB729DD1063}.Debug|Win32.ActiveCfg = Debug|Win32
		{6D821A85-B60A-45EC-BCEC-5BB729DD1063}.Debug|Win32.Build.0 = Debug|Win32
		{6D821A85-B60A-45EC-BCEC-5BB729DD1063}.Release|Win32.ActiveCfg = Release|Win32
		{6D821A85-B60A-45EC-BCEC-5BB729DD1063}.Release|Win32.Build.0 = Release|Win32
	EndGlobalSection
	GlobalSection(SolutionProperties) = preSolution
		HideSolutionNode = FALSE
	EndGlobalSection
EndGlobal
