
Microsoft Visual Studio Solution File, Format Version 12.00
# Visual Studio 2012
Project("{8BC9CEB8-8B4A-11D0-8D11-00A0C91BC942}") = "P213", "P213\P213.vcxproj", "{E61BC2A4-71BB-4C01-A168-EEF64A6E2EF5}"
EndProject
Global
	GlobalSection(SolutionConfigurationPlatforms) = preSolution
		Debug|Win32 = Debug|Win32
		Release|Win32 = Release|Win32
	EndGlobalSection
	GlobalSection(ProjectConfigurationPlatforms) = postSolution
		{E61BC2A4-71BB-4C01-A168-EEF64A6E2EF5}.Debug|Win32.ActiveCfg = Debug|Win32
		{E61BC2A4-71BB-4C01-A168-EEF64A6E2EF5}.Debug|Win32.Build.0 = Debug|Win32
		{E61BC2A4-71BB-4C01-A168-EEF64A6E2EF5}.Release|Win32.ActiveCfg = Release|Win32
		{E61BC2A4-71BB-4C01-A168-EEF64A6E2EF5}.Release|Win32.Build.0 = Release|Win32
	EndGlobalSection
	GlobalSection(SolutionProperties) = preSolution
		HideSolutionNode = FALSE
	EndGlobalSection
EndGlobal
