
Microsoft Visual Studio Solution File, Format Version 12.00
# Visual Studio 2012
Project("{8BC9CEB8-8B4A-11D0-8D11-00A0C91BC942}") = "P376", "P376\P376.vcxproj", "{BF66A20C-637E-4A90-A139-BE2DA3E8BEEC}"
EndProject
Global
	GlobalSection(SolutionConfigurationPlatforms) = preSolution
		Debug|Win32 = Debug|Win32
		Release|Win32 = Release|Win32
	EndGlobalSection
	GlobalSection(ProjectConfigurationPlatforms) = postSolution
		{BF66A20C-637E-4A90-A139-BE2DA3E8BEEC}.Debug|Win32.ActiveCfg = Debug|Win32
		{BF66A20C-637E-4A90-A139-BE2DA3E8BEEC}.Debug|Win32.Build.0 = Debug|Win32
		{BF66A20C-637E-4A90-A139-BE2DA3E8BEEC}.Release|Win32.ActiveCfg = Release|Win32
		{BF66A20C-637E-4A90-A139-BE2DA3E8BEEC}.Release|Win32.Build.0 = Release|Win32
	EndGlobalSection
	GlobalSection(SolutionProperties) = preSolution
		HideSolutionNode = FALSE
	EndGlobalSection
EndGlobal
