
Microsoft Visual Studio Solution File, Format Version 12.00
# Visual Studio 2012
Project("{8BC9CEB8-8B4A-11D0-8D11-00A0C91BC942}") = "P211", "P211\P211.vcxproj", "{059FD7BC-C880-493E-9DA4-339512695CCB}"
EndProject
Global
	GlobalSection(SolutionConfigurationPlatforms) = preSolution
		Debug|Win32 = Debug|Win32
		Release|Win32 = Release|Win32
	EndGlobalSection
	GlobalSection(ProjectConfigurationPlatforms) = postSolution
		{059FD7BC-C880-493E-9DA4-339512695CCB}.Debug|Win32.ActiveCfg = Debug|Win32
		{059FD7BC-C880-493E-9DA4-339512695CCB}.Debug|Win32.Build.0 = Debug|Win32
		{059FD7BC-C880-493E-9DA4-339512695CCB}.Release|Win32.ActiveCfg = Release|Win32
		{059FD7BC-C880-493E-9DA4-339512695CCB}.Release|Win32.Build.0 = Release|Win32
	EndGlobalSection
	GlobalSection(SolutionProperties) = preSolution
		HideSolutionNode = FALSE
	EndGlobalSection
EndGlobal
