
Microsoft Visual Studio Solution File, Format Version 12.00
# Visual Studio 2012
Project("{8BC9CEB8-8B4A-11D0-8D11-00A0C91BC942}") = "P8", "P8\P8.vcxproj", "{ED7BFDFD-DD37-41B4-A673-28F54E648206}"
EndProject
Global
	GlobalSection(SolutionConfigurationPlatforms) = preSolution
		Debug|Win32 = Debug|Win32
		Release|Win32 = Release|Win32
	EndGlobalSection
	GlobalSection(ProjectConfigurationPlatforms) = postSolution
		{ED7BFDFD-DD37-41B4-A673-28F54E648206}.Debug|Win32.ActiveCfg = Debug|Win32
		{ED7BFDFD-DD37-41B4-A673-28F54E648206}.Debug|Win32.Build.0 = Debug|Win32
		{ED7BFDFD-DD37-41B4-A673-28F54E648206}.Release|Win32.ActiveCfg = Release|Win32
		{ED7BFDFD-DD37-41B4-A673-28F54E648206}.Release|Win32.Build.0 = Release|Win32
	EndGlobalSection
	GlobalSection(SolutionProperties) = preSolution
		HideSolutionNode = FALSE
	EndGlobalSection
EndGlobal
