
Microsoft Visual Studio Solution File, Format Version 12.00
# Visual Studio 2012
Project("{8BC9CEB8-8B4A-11D0-8D11-00A0C91BC942}") = "P523", "P523\P523.vcxproj", "{BDA2BD53-1652-473A-B9B5-6513C2E7D1E0}"
EndProject
Global
	GlobalSection(SolutionConfigurationPlatforms) = preSolution
		Debug|Win32 = Debug|Win32
		Release|Win32 = Release|Win32
	EndGlobalSection
	GlobalSection(ProjectConfigurationPlatforms) = postSolution
		{BDA2BD53-1652-473A-B9B5-6513C2E7D1E0}.Debug|Win32.ActiveCfg = Debug|Win32
		{BDA2BD53-1652-473A-B9B5-6513C2E7D1E0}.Debug|Win32.Build.0 = Debug|Win32
		{BDA2BD53-1652-473A-B9B5-6513C2E7D1E0}.Release|Win32.ActiveCfg = Release|Win32
		{BDA2BD53-1652-473A-B9B5-6513C2E7D1E0}.Release|Win32.Build.0 = Release|Win32
	EndGlobalSection
	GlobalSection(SolutionProperties) = preSolution
		HideSolutionNode = FALSE
	EndGlobalSection
EndGlobal
