
Microsoft Visual Studio Solution File, Format Version 12.00
# Visual Studio 2012
Project("{8BC9CEB8-8B4A-11D0-8D11-00A0C91BC942}") = "P476", "P476\P476.vcxproj", "{6EA5F227-D006-460F-9795-FDCBA78AF4E3}"
EndProject
Global
	GlobalSection(SolutionConfigurationPlatforms) = preSolution
		Debug|Win32 = Debug|Win32
		Release|Win32 = Release|Win32
	EndGlobalSection
	GlobalSection(ProjectConfigurationPlatforms) = postSolution
		{6EA5F227-D006-460F-9795-FDCBA78AF4E3}.Debug|Win32.ActiveCfg = Debug|Win32
		{6EA5F227-D006-460F-9795-FDCBA78AF4E3}.Debug|Win32.Build.0 = Debug|Win32
		{6EA5F227-D006-460F-9795-FDCBA78AF4E3}.Release|Win32.ActiveCfg = Release|Win32
		{6EA5F227-D006-460F-9795-FDCBA78AF4E3}.Release|Win32.Build.0 = Release|Win32
	EndGlobalSection
	GlobalSection(SolutionProperties) = preSolution
		HideSolutionNode = FALSE
	EndGlobalSection
EndGlobal
